
Microsoft Visual Studio Solution File, Format Version 12.00
# Visual Studio 15
VisualStudioVersion = 15.0.27130.2010
MinimumVisualStudioVersion = 10.0.40219.1
Project("{9A19103F-16F7-4668-BE54-9A1E7A4F7556}") = "IOTOI.Model", "IOTOI.Model\IOTOI.Model.csproj", "{623F30E8-BBB4-44E4-B2B4-77A76C629E2D}"
EndProject
Project("{2150E333-8FDC-42A3-9474-1A3956D46DE8}") = "Common", "Common", "{D54F6E43-7C5E-4496-A6DF-4B6AAB298831}"
EndProject
Project("{2150E333-8FDC-42A3-9474-1A3956D46DE8}") = "AllJoyn", "AllJoyn", "{F01C37B0-38E0-40B1-BF48-6CB200B3565A}"
EndProject
Project("{2150E333-8FDC-42A3-9474-1A3956D46DE8}") = "Platform", "Platform", "{000C85C7-F30A-462D-814F-BDE563452737}"
EndProject
Project("{2150E333-8FDC-42A3-9474-1A3956D46DE8}") = "ZWave", "ZWave", "{BDE00649-FC40-41A3-8CBF-5CDAC2730382}"
EndProject
Project("{8BC9CEB8-8B4A-11D0-8D11-00A0C91BC942}") = "BridgeRT", "Common\AllJoyn\Platform\BridgeRT\BridgeRT.vcxproj", "{2783A617-8E1D-40D1-9684-DFAEB8DD5406}"
EndProject
Project("{8BC9CEB8-8B4A-11D0-8D11-00A0C91BC942}") = "BackgroundHost", "Common\AllJoyn\Platform\BackgroundHost\BackgroundHost\BackgroundHost.vcxproj", "{98B5350D-3B67-4109-9CD5-1A675295C461}"
EndProject
Project("{8BC9CEB8-8B4A-11D0-8D11-00A0C91BC942}") = "BackgroundHost.Headed", "Common\AllJoyn\Platform\BackgroundHost\BackgroundHost.Headed\BackgroundHost.Headed.vcxproj", "{0184C325-C1DF-4305-B202-324CB0413377}"
EndProject
Project("{8BC9CEB8-8B4A-11D0-8D11-00A0C91BC942}") = "BackgroundHost.Headless", "Common\AllJoyn\Platform\BackgroundHost\BackgroundHost.Headless\BackgroundHost.Headless.vcxproj", "{14882A0F-8926-4837-8E25-06D3F58B1DF8}"
EndProject
Project("{2150E333-8FDC-42A3-9474-1A3956D46DE8}") = "ZigBeeAdapter", "ZigBeeAdapter", "{7F7BCD62-50D2-4CE2-BEBF-E7697037A857}"
	ProjectSection(SolutionItems) = preProject
		Common\AllJoyn\ZigBeeAdapter\CscOptions.rsp = Common\AllJoyn\ZigBeeAdapter\CscOptions.rsp
	EndProjectSection
EndProject
Project("{2150E333-8FDC-42A3-9474-1A3956D46DE8}") = "ZWaveAdapter", "ZWaveAdapter", "{385BC837-1C2D-4E68-AA9B-88DFF19FE529}"
EndProject
Project("{FAE04EC0-301F-11D3-BF4B-00C04F79EFBC}") = "ZigbeeAdapterLib", "Common\AllJoyn\ZigBeeAdapter\ZigBeeAdapterLib\ZigbeeAdapterLib.csproj", "{5254F40C-CD4C-48F9-9C55-8040F071F1B4}"
EndProject
Project("{FAE04EC0-301F-11D3-BF4B-00C04F79EFBC}") = "ZWaveAdapterLib", "Common\ZWave\ZWaveAdapter\ZWaveAdapterLib\ZWaveAdapterLib.csproj", "{5704B43F-BFAB-4311-98AB-604BF763B467}"
EndProject
Project("{FAE04EC0-301F-11D3-BF4B-00C04F79EFBC}") = "IOTOI.Common", "Common\IOTOI.Common\IOTOI.Common\IOTOI.Common.csproj", "{CFF72AF7-EAD8-490C-8D87-FC622B4E7355}"
EndProject
Project("{FAE04EC0-301F-11D3-BF4B-00C04F79EFBC}") = "IOTOIApp", "IOTOIApp\IOTOIApp.csproj", "{DBB92287-E3A8-47E6-A0EA-F14424EA5707}"
EndProject
Project("{FAE04EC0-301F-11D3-BF4B-00C04F79EFBC}") = "IOTOI.VoiceCommands", "IOTOI.VoiceCommands\IOTOI.VoiceCommands.csproj", "{5086BB98-7DE8-424A-98F5-C5BECB549A2B}"
EndProject
Global
	GlobalSection(SolutionConfigurationPlatforms) = preSolution
		Debug|Any CPU = Debug|Any CPU
		Debug|ARM = Debug|ARM
		Debug|x64 = Debug|x64
		Debug|x86 = Debug|x86
		Release|Any CPU = Release|Any CPU
		Release|ARM = Release|ARM
		Release|x64 = Release|x64
		Release|x86 = Release|x86
	EndGlobalSection
	GlobalSection(ProjectConfigurationPlatforms) = postSolution
		{623F30E8-BBB4-44E4-B2B4-77A76C629E2D}.Debug|Any CPU.ActiveCfg = Debug|Any CPU
		{623F30E8-BBB4-44E4-B2B4-77A76C629E2D}.Debug|Any CPU.Build.0 = Debug|Any CPU
		{623F30E8-BBB4-44E4-B2B4-77A76C629E2D}.Debug|ARM.ActiveCfg = Debug|Any CPU
		{623F30E8-BBB4-44E4-B2B4-77A76C629E2D}.Debug|ARM.Build.0 = Debug|Any CPU
		{623F30E8-BBB4-44E4-B2B4-77A76C629E2D}.Debug|x64.ActiveCfg = Debug|Any CPU
		{623F30E8-BBB4-44E4-B2B4-77A76C629E2D}.Debug|x64.Build.0 = Debug|Any CPU
		{623F30E8-BBB4-44E4-B2B4-77A76C629E2D}.Debug|x86.ActiveCfg = Debug|Any CPU
		{623F30E8-BBB4-44E4-B2B4-77A76C629E2D}.Debug|x86.Build.0 = Debug|Any CPU
		{623F30E8-BBB4-44E4-B2B4-77A76C629E2D}.Release|Any CPU.ActiveCfg = Release|Any CPU
		{623F30E8-BBB4-44E4-B2B4-77A76C629E2D}.Release|Any CPU.Build.0 = Release|Any CPU
		{623F30E8-BBB4-44E4-B2B4-77A76C629E2D}.Release|ARM.ActiveCfg = Release|Any CPU
		{623F30E8-BBB4-44E4-B2B4-77A76C629E2D}.Release|ARM.Build.0 = Release|Any CPU
		{623F30E8-BBB4-44E4-B2B4-77A76C629E2D}.Release|x64.ActiveCfg = Release|Any CPU
		{623F30E8-BBB4-44E4-B2B4-77A76C629E2D}.Release|x64.Build.0 = Release|Any CPU
		{623F30E8-BBB4-44E4-B2B4-77A76C629E2D}.Release|x86.ActiveCfg = Release|Any CPU
		{623F30E8-BBB4-44E4-B2B4-77A76C629E2D}.Release|x86.Build.0 = Release|Any CPU
		{2783A617-8E1D-40D1-9684-DFAEB8DD5406}.Debug|Any CPU.ActiveCfg = Debug|Win32
		{2783A617-8E1D-40D1-9684-DFAEB8DD5406}.Debug|ARM.ActiveCfg = Debug|ARM
		{2783A617-8E1D-40D1-9684-DFAEB8DD5406}.Debug|ARM.Build.0 = Debug|ARM
		{2783A617-8E1D-40D1-9684-DFAEB8DD5406}.Debug|x64.ActiveCfg = Debug|x64
		{2783A617-8E1D-40D1-9684-DFAEB8DD5406}.Debug|x64.Build.0 = Debug|x64
		{2783A617-8E1D-40D1-9684-DFAEB8DD5406}.Debug|x86.ActiveCfg = Debug|Win32
		{2783A617-8E1D-40D1-9684-DFAEB8DD5406}.Debug|x86.Build.0 = Debug|Win32
		{2783A617-8E1D-40D1-9684-DFAEB8DD5406}.Release|Any CPU.ActiveCfg = Release|Win32
		{2783A617-8E1D-40D1-9684-DFAEB8DD5406}.Release|ARM.ActiveCfg = Release|ARM
		{2783A617-8E1D-40D1-9684-DFAEB8DD5406}.Release|ARM.Build.0 = Release|ARM
		{2783A617-8E1D-40D1-9684-DFAEB8DD5406}.Release|x64.ActiveCfg = Release|x64
		{2783A617-8E1D-40D1-9684-DFAEB8DD5406}.Release|x64.Build.0 = Release|x64
		{2783A617-8E1D-40D1-9684-DFAEB8DD5406}.Release|x86.ActiveCfg = Release|Win32
		{2783A617-8E1D-40D1-9684-DFAEB8DD5406}.Release|x86.Build.0 = Release|Win32
		{98B5350D-3B67-4109-9CD5-1A675295C461}.Debug|Any CPU.ActiveCfg = Debug|Win32
		{98B5350D-3B67-4109-9CD5-1A675295C461}.Debug|ARM.ActiveCfg = Debug|ARM
		{98B5350D-3B67-4109-9CD5-1A675295C461}.Debug|ARM.Build.0 = Debug|ARM
		{98B5350D-3B67-4109-9CD5-1A675295C461}.Debug|x64.ActiveCfg = Debug|x64
		{98B5350D-3B67-4109-9CD5-1A675295C461}.Debug|x64.Build.0 = Debug|x64
		{98B5350D-3B67-4109-9CD5-1A675295C461}.Debug|x86.ActiveCfg = Debug|Win32
		{98B5350D-3B67-4109-9CD5-1A675295C461}.Debug|x86.Build.0 = Debug|Win32
		{98B5350D-3B67-4109-9CD5-1A675295C461}.Release|Any CPU.ActiveCfg = Release|Win32
		{98B5350D-3B67-4109-9CD5-1A675295C461}.Release|ARM.ActiveCfg = Release|ARM
		{98B5350D-3B67-4109-9CD5-1A675295C461}.Release|ARM.Build.0 = Release|ARM
		{98B5350D-3B67-4109-9CD5-1A675295C461}.Release|x64.ActiveCfg = Release|x64
		{98B5350D-3B67-4109-9CD5-1A675295C461}.Release|x64.Build.0 = Release|x64
		{98B5350D-3B67-4109-9CD5-1A675295C461}.Release|x86.ActiveCfg = Release|Win32
		{98B5350D-3B67-4109-9CD5-1A675295C461}.Release|x86.Build.0 = Release|Win32
		{0184C325-C1DF-4305-B202-324CB0413377}.Debug|Any CPU.ActiveCfg = Debug|Win32
		{0184C325-C1DF-4305-B202-324CB0413377}.Debug|ARM.ActiveCfg = Debug|ARM
		{0184C325-C1DF-4305-B202-324CB0413377}.Debug|ARM.Build.0 = Debug|ARM
		{0184C325-C1DF-4305-B202-324CB0413377}.Debug|x64.ActiveCfg = Debug|x64
		{0184C325-C1DF-4305-B202-324CB0413377}.Debug|x64.Build.0 = Debug|x64
		{0184C325-C1DF-4305-B202-324CB0413377}.Debug|x86.ActiveCfg = Debug|Win32
		{0184C325-C1DF-4305-B202-324CB0413377}.Debug|x86.Build.0 = Debug|Win32
		{0184C325-C1DF-4305-B202-324CB0413377}.Release|Any CPU.ActiveCfg = Release|Win32
		{0184C325-C1DF-4305-B202-324CB0413377}.Release|ARM.ActiveCfg = Release|ARM
		{0184C325-C1DF-4305-B202-324CB0413377}.Release|ARM.Build.0 = Release|ARM
		{0184C325-C1DF-4305-B202-324CB0413377}.Release|x64.ActiveCfg = Release|x64
		{0184C325-C1DF-4305-B202-324CB0413377}.Release|x64.Build.0 = Release|x64
		{0184C325-C1DF-4305-B202-324CB0413377}.Release|x86.ActiveCfg = Release|Win32
		{0184C325-C1DF-4305-B202-324CB0413377}.Release|x86.Build.0 = Release|Win32
		{14882A0F-8926-4837-8E25-06D3F58B1DF8}.Debug|Any CPU.ActiveCfg = Debug|Win32
		{14882A0F-8926-4837-8E25-06D3F58B1DF8}.Debug|ARM.ActiveCfg = Debug|ARM
		{14882A0F-8926-4837-8E25-06D3F58B1DF8}.Debug|ARM.Build.0 = Debug|ARM
		{14882A0F-8926-4837-8E25-06D3F58B1DF8}.Debug|x64.ActiveCfg = Debug|x64
		{14882A0F-8926-4837-8E25-06D3F58B1DF8}.Debug|x64.Build.0 = Debug|x64
		{14882A0F-8926-4837-8E25-06D3F58B1DF8}.Debug|x86.ActiveCfg = Debug|Win32
		{14882A0F-8926-4837-8E25-06D3F58B1DF8}.Debug|x86.Build.0 = Debug|Win32
		{14882A0F-8926-4837-8E25-06D3F58B1DF8}.Release|Any CPU.ActiveCfg = Release|Win32
		{14882A0F-8926-4837-8E25-06D3F58B1DF8}.Release|ARM.ActiveCfg = Release|ARM
		{14882A0F-8926-4837-8E25-06D3F58B1DF8}.Release|ARM.Build.0 = Release|ARM
		{14882A0F-8926-4837-8E25-06D3F58B1DF8}.Release|x64.ActiveCfg = Release|x64
		{14882A0F-8926-4837-8E25-06D3F58B1DF8}.Release|x64.Build.0 = Release|x64
		{14882A0F-8926-4837-8E25-06D3F58B1DF8}.Release|x86.ActiveCfg = Release|Win32
		{14882A0F-8926-4837-8E25-06D3F58B1DF8}.Release|x86.Build.0 = Release|Win32
		{5254F40C-CD4C-48F9-9C55-8040F071F1B4}.Debug|Any CPU.ActiveCfg = Debug|x86
		{5254F40C-CD4C-48F9-9C55-8040F071F1B4}.Debug|ARM.ActiveCfg = Debug|ARM
		{5254F40C-CD4C-48F9-9C55-8040F071F1B4}.Debug|ARM.Build.0 = Debug|ARM
		{5254F40C-CD4C-48F9-9C55-8040F071F1B4}.Debug|x64.ActiveCfg = Debug|x64
		{5254F40C-CD4C-48F9-9C55-8040F071F1B4}.Debug|x64.Build.0 = Debug|x64
		{5254F40C-CD4C-48F9-9C55-8040F071F1B4}.Debug|x86.ActiveCfg = Debug|x86
		{5254F40C-CD4C-48F9-9C55-8040F071F1B4}.Debug|x86.Build.0 = Debug|x86
		{5254F40C-CD4C-48F9-9C55-8040F071F1B4}.Release|Any CPU.ActiveCfg = Release|x86
		{5254F40C-CD4C-48F9-9C55-8040F071F1B4}.Release|ARM.ActiveCfg = Release|ARM
		{5254F40C-CD4C-48F9-9C55-8040F071F1B4}.Release|ARM.Build.0 = Release|ARM
		{5254F40C-CD4C-48F9-9C55-8040F071F1B4}.Release|x64.ActiveCfg = Release|x64
		{5254F40C-CD4C-48F9-9C55-8040F071F1B4}.Release|x64.Build.0 = Release|x64
		{5254F40C-CD4C-48F9-9C55-8040F071F1B4}.Release|x86.ActiveCfg = Release|x86
		{5254F40C-CD4C-48F9-9C55-8040F071F1B4}.Release|x86.Build.0 = Release|x86
		{5704B43F-BFAB-4311-98AB-604BF763B467}.Debug|Any CPU.ActiveCfg = Debug|Any CPU
		{5704B43F-BFAB-4311-98AB-604BF763B467}.Debug|Any CPU.Build.0 = Debug|Any CPU
		{5704B43F-BFAB-4311-98AB-604BF763B467}.Debug|ARM.ActiveCfg = Debug|ARM
		{5704B43F-BFAB-4311-98AB-604BF763B467}.Debug|ARM.Build.0 = Debug|ARM
		{5704B43F-BFAB-4311-98AB-604BF763B467}.Debug|x64.ActiveCfg = Debug|x64
		{5704B43F-BFAB-4311-98AB-604BF763B467}.Debug|x64.Build.0 = Debug|x64
		{5704B43F-BFAB-4311-98AB-604BF763B467}.Debug|x86.ActiveCfg = Debug|x86
		{5704B43F-BFAB-4311-98AB-604BF763B467}.Debug|x86.Build.0 = Debug|x86
		{5704B43F-BFAB-4311-98AB-604BF763B467}.Release|Any CPU.ActiveCfg = Release|Any CPU
		{5704B43F-BFAB-4311-98AB-604BF763B467}.Release|Any CPU.Build.0 = Release|Any CPU
		{5704B43F-BFAB-4311-98AB-604BF763B467}.Release|ARM.ActiveCfg = Release|ARM
		{5704B43F-BFAB-4311-98AB-604BF763B467}.Release|ARM.Build.0 = Release|ARM
		{5704B43F-BFAB-4311-98AB-604BF763B467}.Release|x64.ActiveCfg = Release|x64
		{5704B43F-BFAB-4311-98AB-604BF763B467}.Release|x64.Build.0 = Release|x64
		{5704B43F-BFAB-4311-98AB-604BF763B467}.Release|x86.ActiveCfg = Release|x86
		{5704B43F-BFAB-4311-98AB-604BF763B467}.Release|x86.Build.0 = Release|x86
		{CFF72AF7-EAD8-490C-8D87-FC622B4E7355}.Debug|Any CPU.ActiveCfg = Debug|Any CPU
		{CFF72AF7-EAD8-490C-8D87-FC622B4E7355}.Debug|Any CPU.Build.0 = Debug|Any CPU
		{CFF72AF7-EAD8-490C-8D87-FC622B4E7355}.Debug|ARM.ActiveCfg = Debug|ARM
		{CFF72AF7-EAD8-490C-8D87-FC622B4E7355}.Debug|ARM.Build.0 = Debug|ARM
		{CFF72AF7-EAD8-490C-8D87-FC622B4E7355}.Debug|x64.ActiveCfg = Debug|x64
		{CFF72AF7-EAD8-490C-8D87-FC622B4E7355}.Debug|x64.Build.0 = Debug|x64
		{CFF72AF7-EAD8-490C-8D87-FC622B4E7355}.Debug|x86.ActiveCfg = Debug|x86
		{CFF72AF7-EAD8-490C-8D87-FC622B4E7355}.Debug|x86.Build.0 = Debug|x86
		{CFF72AF7-EAD8-490C-8D87-FC622B4E7355}.Release|Any CPU.ActiveCfg = Release|Any CPU
		{CFF72AF7-EAD8-490C-8D87-FC622B4E7355}.Release|Any CPU.Build.0 = Release|Any CPU
		{CFF72AF7-EAD8-490C-8D87-FC622B4E7355}.Release|ARM.ActiveCfg = Release|ARM
		{CFF72AF7-EAD8-490C-8D87-FC622B4E7355}.Release|ARM.Build.0 = Release|ARM
		{CFF72AF7-EAD8-490C-8D87-FC622B4E7355}.Release|x64.ActiveCfg = Release|x64
		{CFF72AF7-EAD8-490C-8D87-FC622B4E7355}.Release|x64.Build.0 = Release|x64
		{CFF72AF7-EAD8-490C-8D87-FC622B4E7355}.Release|x86.ActiveCfg = Release|x86
		{CFF72AF7-EAD8-490C-8D87-FC622B4E7355}.Release|x86.Build.0 = Release|x86
		{DBB92287-E3A8-47E6-A0EA-F14424EA5707}.Debug|Any CPU.ActiveCfg = Debug|x86
		{DBB92287-E3A8-47E6-A0EA-F14424EA5707}.Debug|ARM.ActiveCfg = Debug|ARM
		{DBB92287-E3A8-47E6-A0EA-F14424EA5707}.Debug|ARM.Build.0 = Debug|ARM
		{DBB92287-E3A8-47E6-A0EA-F14424EA5707}.Debug|ARM.Deploy.0 = Debug|ARM
		{DBB92287-E3A8-47E6-A0EA-F14424EA5707}.Debug|x64.ActiveCfg = Debug|x64
		{DBB92287-E3A8-47E6-A0EA-F14424EA5707}.Debug|x64.Build.0 = Debug|x64
		{DBB92287-E3A8-47E6-A0EA-F14424EA5707}.Debug|x64.Deploy.0 = Debug|x64
		{DBB92287-E3A8-47E6-A0EA-F14424EA5707}.Debug|x86.ActiveCfg = Debug|x86
		{DBB92287-E3A8-47E6-A0EA-F14424EA5707}.Debug|x86.Build.0 = Debug|x86
		{DBB92287-E3A8-47E6-A0EA-F14424EA5707}.Debug|x86.Deploy.0 = Debug|x86
		{DBB92287-E3A8-47E6-A0EA-F14424EA5707}.Release|Any CPU.ActiveCfg = Release|x86
		{DBB92287-E3A8-47E6-A0EA-F14424EA5707}.Release|ARM.ActiveCfg = Release|ARM
		{DBB92287-E3A8-47E6-A0EA-F14424EA5707}.Release|ARM.Build.0 = Release|ARM
		{DBB92287-E3A8-47E6-A0EA-F14424EA5707}.Release|ARM.Deploy.0 = Release|ARM
		{DBB92287-E3A8-47E6-A0EA-F14424EA5707}.Release|x64.ActiveCfg = Release|x64
		{DBB92287-E3A8-47E6-A0EA-F14424EA5707}.Release|x64.Build.0 = Release|x64
		{DBB92287-E3A8-47E6-A0EA-F14424EA5707}.Release|x64.Deploy.0 = Release|x64
		{DBB92287-E3A8-47E6-A0EA-F14424EA5707}.Release|x86.ActiveCfg = Release|x86
		{DBB92287-E3A8-47E6-A0EA-F14424EA5707}.Release|x86.Build.0 = Release|x86
		{DBB92287-E3A8-47E6-A0EA-F14424EA5707}.Release|x86.Deploy.0 = Release|x86
		{CB09370D-4969-4B7A-BC31-4272F6F7AF6D}.Debug|Any CPU.ActiveCfg = Debug|x86
		{CB09370D-4969-4B7A-BC31-4272F6F7AF6D}.Debug|ARM.ActiveCfg = Debug|ARM
		{CB09370D-4969-4B7A-BC31-4272F6F7AF6D}.Debug|ARM.Build.0 = Debug|ARM
		{CB09370D-4969-4B7A-BC31-4272F6F7AF6D}.Debug|ARM.Deploy.0 = Debug|ARM
		{CB09370D-4969-4B7A-BC31-4272F6F7AF6D}.Debug|x64.ActiveCfg = Debug|x64
		{CB09370D-4969-4B7A-BC31-4272F6F7AF6D}.Debug|x64.Build.0 = Debug|x64
		{CB09370D-4969-4B7A-BC31-4272F6F7AF6D}.Debug|x64.Deploy.0 = Debug|x64
		{CB09370D-4969-4B7A-BC31-4272F6F7AF6D}.Debug|x86.ActiveCfg = Debug|x86
		{CB09370D-4969-4B7A-BC31-4272F6F7AF6D}.Debug|x86.Build.0 = Debug|x86
		{CB09370D-4969-4B7A-BC31-4272F6F7AF6D}.Debug|x86.Deploy.0 = Debug|x86
		{CB09370D-4969-4B7A-BC31-4272F6F7AF6D}.Release|Any CPU.ActiveCfg = Release|x86
		{CB09370D-4969-4B7A-BC31-4272F6F7AF6D}.Release|ARM.ActiveCfg = Release|ARM
		{CB09370D-4969-4B7A-BC31-4272F6F7AF6D}.Release|ARM.Build.0 = Release|ARM
		{CB09370D-4969-4B7A-BC31-4272F6F7AF6D}.Release|ARM.Deploy.0 = Release|ARM
		{CB09370D-4969-4B7A-BC31-4272F6F7AF6D}.Release|x64.ActiveCfg = Release|x64
		{CB09370D-4969-4B7A-BC31-4272F6F7AF6D}.Release|x64.Build.0 = Release|x64
		{CB09370D-4969-4B7A-BC31-4272F6F7AF6D}.Release|x64.Deploy.0 = Release|x64
		{CB09370D-4969-4B7A-BC31-4272F6F7AF6D}.Release|x86.ActiveCfg = Release|x86
		{CB09370D-4969-4B7A-BC31-4272F6F7AF6D}.Release|x86.Build.0 = Release|x86
		{CB09370D-4969-4B7A-BC31-4272F6F7AF6D}.Release|x86.Deploy.0 = Release|x86
		{5086BB98-7DE8-424A-98F5-C5BECB549A2B}.Debug|Any CPU.ActiveCfg = Debug|Any CPU
		{5086BB98-7DE8-424A-98F5-C5BECB549A2B}.Debug|Any CPU.Build.0 = Debug|Any CPU
		{5086BB98-7DE8-424A-98F5-C5BECB549A2B}.Debug|ARM.ActiveCfg = Debug|ARM
		{5086BB98-7DE8-424A-98F5-C5BECB549A2B}.Debug|ARM.Build.0 = Debug|ARM
		{5086BB98-7DE8-424A-98F5-C5BECB549A2B}.Debug|x64.ActiveCfg = Debug|x64
		{5086BB98-7DE8-424A-98F5-C5BECB549A2B}.Debug|x64.Build.0 = Debug|x64
		{5086BB98-7DE8-424A-98F5-C5BECB549A2B}.Debug|x86.ActiveCfg = Debug|x86
		{5086BB98-7DE8-424A-98F5-C5BECB549A2B}.Debug|x86.Build.0 = Debug|x86
		{5086BB98-7DE8-424A-98F5-C5BECB549A2B}.Release|Any CPU.ActiveCfg = Release|Any CPU
		{5086BB98-7DE8-424A-98F5-C5BECB549A2B}.Release|Any CPU.Build.0 = Release|Any CPU
		{5086BB98-7DE8-424A-98F5-C5BECB549A2B}.Release|ARM.ActiveCfg = Release|ARM
		{5086BB98-7DE8-424A-98F5-C5BECB549A2B}.Release|ARM.Build.0 = Release|ARM
		{5086BB98-7DE8-424A-98F5-C5BECB549A2B}.Release|x64.ActiveCfg = Release|x64
		{5086BB98-7DE8-424A-98F5-C5BECB549A2B}.Release|x64.Build.0 = Release|x64
		{5086BB98-7DE8-424A-98F5-C5BECB549A2B}.Release|x86.ActiveCfg = Release|x86
		{5086BB98-7DE8-424A-98F5-C5BECB549A2B}.Release|x86.Build.0 = Release|x86
	EndGlobalSection
	GlobalSection(SolutionProperties) = preSolution
		HideSolutionNode = FALSE
	EndGlobalSection
	GlobalSection(NestedProjects) = preSolution
		{F01C37B0-38E0-40B1-BF48-6CB200B3565A} = {D54F6E43-7C5E-4496-A6DF-4B6AAB298831}
		{000C85C7-F30A-462D-814F-BDE563452737} = {F01C37B0-38E0-40B1-BF48-6CB200B3565A}
		{BDE00649-FC40-41A3-8CBF-5CDAC2730382} = {D54F6E43-7C5E-4496-A6DF-4B6AAB298831}
		{2783A617-8E1D-40D1-9684-DFAEB8DD5406} = {000C85C7-F30A-462D-814F-BDE563452737}
		{98B5350D-3B67-4109-9CD5-1A675295C461} = {000C85C7-F30A-462D-814F-BDE563452737}
		{0184C325-C1DF-4305-B202-324CB0413377} = {000C85C7-F30A-462D-814F-BDE563452737}
		{14882A0F-8926-4837-8E25-06D3F58B1DF8} = {000C85C7-F30A-462D-814F-BDE563452737}
		{7F7BCD62-50D2-4CE2-BEBF-E7697037A857} = {F01C37B0-38E0-40B1-BF48-6CB200B3565A}
		{385BC837-1C2D-4E68-AA9B-88DFF19FE529} = {BDE00649-FC40-41A3-8CBF-5CDAC2730382}
		{5254F40C-CD4C-48F9-9C55-8040F071F1B4} = {7F7BCD62-50D2-4CE2-BEBF-E7697037A857}
		{5704B43F-BFAB-4311-98AB-604BF763B467} = {385BC837-1C2D-4E68-AA9B-88DFF19FE529}
		{CFF72AF7-EAD8-490C-8D87-FC622B4E7355} = {D54F6E43-7C5E-4496-A6DF-4B6AAB298831}
	EndGlobalSection
	GlobalSection(ExtensibilityGlobals) = postSolution
		SolutionGuid = {F0B28F41-AF52-4F47-835B-EF729FDFE2E5}
	EndGlobalSection
EndGlobal
